
Microsoft Visual Studio Solution File, Format Version 12.00
# Visual Studio Version 17
VisualStudioVersion = 17.9.34728.123
MinimumVisualStudioVersion = 10.0.40219.1
Project("{FAE04EC0-301F-11D3-BF4B-00C04F79EFBC}") = "EditorPriceListExemple", "EditorPriceListExemple.csproj", "{0DE5EBC9-09ED-43E9-8221-1DAD94A3186B}"
EndProject
Global
	GlobalSection(SolutionConfigurationPlatforms) = preSolution
		Debug|Any CPU = Debug|Any CPU
		Release|Any CPU = Release|Any CPU
	EndGlobalSection
	GlobalSection(ProjectConfigurationPlatforms) = postSolution
		{0DE5EBC9-09ED-43E9-8221-1DAD94A3186B}.Debug|Any CPU.ActiveCfg = Debug|Any CPU
		{0DE5EBC9-09ED-43E9-8221-1DAD94A3186B}.Debug|Any CPU.Build.0 = Debug|Any CPU
		{0DE5EBC9-09ED-43E9-8221-1DAD94A3186B}.Release|Any CPU.ActiveCfg = Release|Any CPU
		{0DE5EBC9-09ED-43E9-8221-1DAD94A3186B}.Release|Any CPU.Build.0 = Release|Any CPU
	EndGlobalSection
	GlobalSection(SolutionProperties) = preSolution
		HideSolutionNode = FALSE
	EndGlobalSection
	GlobalSection(ExtensibilityGlobals) = postSolution
		SolutionGuid = {A77A6E66-3D1B-4ABF-847F-10213199DC24}
	EndGlobalSection
EndGlobal
